
Microsoft Visual Studio Solution File, Format Version 12.00
# Visual Studio Version 16
VisualStudioVersion = 16.0.29728.190
MinimumVisualStudioVersion = 10.0.40219.1
Project("{FAE04EC0-301F-11D3-BF4B-00C04F79EFBC}") = "ElibraryManagement", "ElibraryManagement.csproj", "{1107C030-6800-41A2-A199-10A237E5B56A}"
EndProject
Global
	GlobalSection(SolutionConfigurationPlatforms) = preSolution
		Debug|Any CPU = Debug|Any CPU
		Release|Any CPU = Release|Any CPU
	EndGlobalSection
	GlobalSection(ProjectConfigurationPlatforms) = postSolution
		{1107C030-6800-41A2-A199-10A237E5B56A}.Debug|Any CPU.ActiveCfg = Debug|Any CPU
		{1107C030-6800-41A2-A199-10A237E5B56A}.Debug|Any CPU.Build.0 = Debug|Any CPU
		{1107C030-6800-41A2-A199-10A237E5B56A}.Release|Any CPU.ActiveCfg = Release|Any CPU
		{1107C030-6800-41A2-A199-10A237E5B56A}.Release|Any CPU.Build.0 = Release|Any CPU
	EndGlobalSection
	GlobalSection(SolutionProperties) = preSolution
		HideSolutionNode = FALSE
	EndGlobalSection
	GlobalSection(ExtensibilityGlobals) = postSolution
		SolutionGuid = {A725FC0A-0D5E-463E-A546-DDF3C917532B}
	EndGlobalSection
EndGlobal
